PODS:
  - AFNetworking (4.0.0):
    - AFNetworking/NSURLSession (= 4.0.0)
    - AFNetworking/Reachability (= 4.0.0)
    - AFNetworking/Security (= 4.0.0)
    - AFNetworking/Serialization (= 4.0.0)
    - AFNetworking/UIKit (= 4.0.0)
  - AFNetworking/NSURLSession (4.0.0):
    - AFNetworking/Reachability
    - AFNetworking/Security
    - AFNetworking/Serialization
  - AFNetworking/Reachability (4.0.0)
  - AFNetworking/Security (4.0.0)
  - AFNetworking/Serialization (4.0.0)
  - AFNetworking/UIKit (4.0.0):
    - AFNetworking/NSURLSession
  - AlipaySDK-iOS (15.6.8)
  - MBProgressHUD (1.2.0)
  - Weibo_SDK (3.2.7)

DEPENDENCIES:
  - AFNetworking
  - AlipaySDK-iOS
  - MBProgressHUD
  - Weibo_SDK (from `https://github.com/sinaweibosdk/weibo_ios_sdk.git`)

SPEC REPOS:
  trunk:
    - AFNetworking
    - AlipaySDK-iOS
    - MBProgressHUD

EXTERNAL SOURCES:
  Weibo_SDK:
    :git: https://github.com/sinaweibosdk/weibo_ios_sdk.git

CHECKOUT OPTIONS:
  Weibo_SDK:
    :commit: 90a5cf8d5dfb03ccf62b1c8e1a17fea766dc806b
    :git: https://github.com/sinaweibosdk/weibo_ios_sdk.git

SPEC CHECKSUMS:
  AFNetworking: d9fdf484a3c723ec3c558a41cc5754c7e845ee77
  AlipaySDK-iOS: 703a55774a37f412410ab04af96c011b91ec58cb
  MBProgressHUD: 3ee5efcc380f6a79a7cc9b363dd669c5e1ae7406
  Weibo_SDK: 5a4d08f7e1fedbb635435e4585c8c0439c7da089

PODFILE CHECKSUM: 26f16d163bf4b8f9fcd11832700308d515655d5a

COCOAPODS: 1.9.1
